# THIS IS AN AUTOGENERATED FILE. DO NOT EDIT THIS FILE DIRECTLY.
# yarn lockfile v1


xstate@^4.13.0:
  version "4.13.0"
  resolved "https://registry.yarnpkg.com/xstate/-/xstate-4.13.0.tgz#0be22ceb8bae2bc6a025fab330fe44204d76771c"
  integrity sha512-UnUJJzP2KTPqnmxIoD/ymXtpy/hehZnUlO6EXqWC/72XkPb15p9Oz/X4WhS3QE+by7NP+6b5bCi/GTGFzm5D+A==
