# THIS IS AN AUTOGENERATED FILE. DO NOT EDIT THIS FILE DIRECTLY.
# yarn lockfile v1


node-fetch@^2.6.1:
  version "2.6.1"
  resolved "https://registry.yarnpkg.com/node-fetch/-/node-fetch-2.6.1.tgz#045bd323631f76ed2e2b55573394416b639a0052"
  integrity sha512-V4aYg89jEoVRxRb2fJdAg8FHvI7cEyYdVAh94HH0UIK8oJxUfkjlDQN9RbMx+bEjP7+ggMiFRprSti032Oipxw==

xstate@^4.13.0:
  version "4.13.0"
  resolved "https://registry.yarnpkg.com/xstate/-/xstate-4.13.0.tgz#0be22ceb8bae2bc6a025fab330fe44204d76771c"
  integrity sha512-UnUJJzP2KTPqnmxIoD/ymXtpy/hehZnUlO6EXqWC/72XkPb15p9Oz/X4WhS3QE+by7NP+6b5bCi/GTGFzm5D+A==
